// !$*UTF8*$!
{
	archiveVersion = 1;
	classes = {
	};
	objectVersion = 50;
	objects = {

/* Begin PBXBuildFile section */
		ABB92A2824F6B70E006AD737 /* AppDelegate.swift in Sources */ = {isa = PBXBuildFile; fileRef = ABB92A2724F6B70E006AD737 /* AppDelegate.swift */; };
		ABB92A2A24F6B70E006AD737 /* SceneDelegate.swift in Sources */ = {isa = PBXBuildFile; fileRef = ABB92A2924F6B70E006AD737 /* SceneDelegate.swift */; };
		ABB92A2C24F6B70E006AD737 /* ContentView.swift in Sources */ = {isa = PBXBuildFile; fileRef = ABB92A2B24F6B70E006AD737 /* ContentView.swift */; };
		ABB92A2E24F6B710006AD737 /* Assets.xcassets in Resources */ = {isa = PBXBuildFile; fileRef = ABB92A2D24F6B710006AD737 /* Assets.xcassets */; };
		ABB92A3124F6B710006AD737 /* Preview Assets.xcassets in Resources */ = {isa = PBXBuildFile; fileRef = ABB92A3024F6B710006AD737 /* Preview Assets.xcassets */; };
		ABB92A3424F6B710006AD737 /* LaunchScreen.storyboard in Resources */ = {isa = PBXBuildFile; fileRef = ABB92A3224F6B710006AD737 /* LaunchScreen.storyboard */; };
		ABB92A3F24F6B710006AD737 /* MemorizeTests.swift in Sources */ = {isa = PBXBuildFile; fileRef = ABB92A3E24F6B710006AD737 /* MemorizeTests.swift */; };
		ABB92A4A24F6B710006AD737 /* MemorizeUITests.swift in Sources */ = {isa = PBXBuildFile; fileRef = ABB92A4924F6B710006AD737 /* MemorizeUITests.swift */; };
		ABF49CF924FD014800C551BD /* MemoryGame.swift in Sources */ = {isa = PBXBuildFile; fileRef = ABF49CF824FD014800C551BD /* MemoryGame.swift */; };
		ABF49CFB24FD033700C551BD /* EmojiMemoryGame.swift in Sources */ = {isa = PBXBuildFile; fileRef = ABF49CFA24FD033700C551BD /* EmojiMemoryGame.swift */; };
/* End PBXBuildFile section */

/* Begin PBXContainerItemProxy section */
		ABB92A3B24F6B710006AD737 /* PBXContainerItemProxy */ = {
			isa = PBXContainerItemProxy;
			containerPortal = ABB92A1C24F6B70E006AD737 /* Project object */;
			proxyType = 1;
			remoteGlobalIDString = ABB92A2324F6B70E006AD737;
			remoteInfo = Memorize;
		};
		ABB92A4624F6B710006AD737 /* PBXContainerItemProxy */ = {
			isa = PBXContainerItemProxy;
			containerPortal = ABB92A1C24F6B70E006AD737 /* Project object */;
			proxyType = 1;
			remoteGlobalIDString = ABB92A2324F6B70E006AD737;
			remoteInfo = Memorize;
		};
/* End PBXContainerItemProxy section */

/* Begin PBXFileReference section */
		ABB92A2424F6B70E006AD737 /* Memorize.app */ = {isa = PBXFileReference; explicitFileType = wrapper.application; includeInIndex = 0; path = Memorize.app; sourceTree = BUILT_PRODUCTS_DIR; };
		ABB92A2724F6B70E006AD737 /* AppDelegate.swift */ = {isa = PBXFileReference; lastKnownFileType = sourcecode.swift; path = AppDelegate.swift; sourceTree = "<group>"; };
		ABB92A2924F6B70E006AD737 /* SceneDelegate.swift */ = {isa = PBXFileReference; lastKnownFileType = sourcecode.swift; path = SceneDelegate.swift; sourceTree = "<group>"; };
		ABB92A2B24F6B70E006AD737 /* ContentView.swift */ = {isa = PBXFileReference; lastKnownFileType = sourcecode.swift; path = ContentView.swift; sourceTree = "<group>"; };
		ABB92A2D24F6B710006AD737 /* Assets.xcassets */ = {isa = PBXFileReference; lastKnownFileType = folder.assetcatalog; path = Assets.xcassets; sourceTree = "<group>"; };
		ABB92A3024F6B710006AD737 /* Preview Assets.xcassets */ = {isa = PBXFileReference; lastKnownFileType = folder.assetcatalog; path = "Preview Assets.xcassets"; sourceTree = "<group>"; };
		ABB92A3324F6B710006AD737 /* Base */ = {isa = PBXFileReference; lastKnownFileType = file.storyboard; name = Base; path = Base.lproj/LaunchScreen.storyboard; sourceTree = "<group>"; };
		ABB92A3524F6B710006AD737 /* Info.plist */ = {isa = PBXFileReference; lastKnownFileType = text.plist.xml; path = Info.plist; sourceTree = "<group>"; };
		ABB92A3A24F6B710006AD737 /* MemorizeTests.xctest */ = {isa = PBXFileReference; explicitFileType = wrapper.cfbundle; includeInIndex = 0; path = MemorizeTests.xctest; sourceTree = BUILT_PRODUCTS_DIR; };
		ABB92A3E24F6B710006AD737 /* MemorizeTests.swift */ = {isa = PBXFileReference; lastKnownFileType = sourcecode.swift; path = MemorizeTests.swift; sourceTree = "<group>"; };
		ABB92A4024F6B710006AD737 /* Info.plist */ = {isa = PBXFileReference; lastKnownFileType = text.plist.xml; path = Info.plist; sourceTree = "<group>"; };
		ABB92A4524F6B710006AD737 /* MemorizeUITests.xctest */ = {isa = PBXFileReference; explicitFileType = wrapper.cfbundle; includeInIndex = 0; path = MemorizeUITests.xctest; sourceTree = BUILT_PRODUCTS_DIR; };
		ABB92A4924F6B710006AD737 /* MemorizeUITests.swift */ = {isa = PBXFileReference; lastKnownFileType = sourcecode.swift; path = MemorizeUITests.swift; sourceTree = "<group>"; };
		ABB92A4B24F6B710006AD737 /* Info.plist */ = {isa = PBXFileReference; lastKnownFileType = text.plist.xml; path = Info.plist; sourceTree = "<group>"; };
		ABF49CF824FD014800C551BD /* MemoryGame.swift */ = {isa = PBXFileReference; lastKnownFileType = sourcecode.swift; path = MemoryGame.swift; sourceTree = "<group>"; };
		ABF49CFA24FD033700C551BD /* EmojiMemoryGame.swift */ = {isa = PBXFileReference; lastKnownFileType = sourcecode.swift; path = EmojiMemoryGame.swift; sourceTree = "<group>"; };
/* End PBXFileReference section */

/* Begin PBXFrameworksBuildPhase section */
		ABB92A2124F6B70E006AD737 /* Frameworks */ = {
			isa = PBXFrameworksBuildPhase;
			buildActionMask = 2147483647;
			files = (
			);
			runOnlyForDeploymentPostprocessing = 0;
		};
		ABB92A3724F6B710006AD737 /* Frameworks */ = {
			isa = PBXFrameworksBuildPhase;
			buildActionMask = 2147483647;
			files = (
			);
			runOnlyForDeploymentPostprocessing = 0;
		};
		ABB92A4224F6B710006AD737 /* Frameworks */ = {
			isa = PBXFrameworksBuildPhase;
			buildActionMask = 2147483647;
			files = (
			);
			runOnlyForDeploymentPostprocessing = 0;
		};
/* End PBXFrameworksBuildPhase section */

/* Begin PBXGroup section */
		ABB92A1B24F6B70E006AD737 = {
			isa = PBXGroup;
			children = (
				ABB92A2624F6B70E006AD737 /* Memorize */,
				ABB92A3D24F6B710006AD737 /* MemorizeTests */,
				ABB92A4824F6B710006AD737 /* MemorizeUITests */,
				ABB92A2524F6B70E006AD737 /* Products */,
			);
			sourceTree = "<group>";
		};
		ABB92A2524F6B70E006AD737 /* Products */ = {
			isa = PBXGroup;
			children = (
				ABB92A2424F6B70E006AD737 /* Memorize.app */,
				ABB92A3A24F6B710006AD737 /* MemorizeTests.xctest */,
				ABB92A4524F6B710006AD737 /* MemorizeUITests.xctest */,
			);
			name = Products;
			sourceTree = "<group>";
		};
		ABB92A2624F6B70E006AD737 /* Memorize */ = {
			isa = PBXGroup;
			children = (
				ABB92A2724F6B70E006AD737 /* AppDelegate.swift */,
				ABB92A2924F6B70E006AD737 /* SceneDelegate.swift */,
				ABB92A2B24F6B70E006AD737 /* ContentView.swift */,
				ABF49CFA24FD033700C551BD /* EmojiMemoryGame.swift */,
				ABF49CF824FD014800C551BD /* MemoryGame.swift */,
				ABB92A2D24F6B710006AD737 /* Assets.xcassets */,
				ABB92A3224F6B710006AD737 /* LaunchScreen.storyboard */,
				ABB92A3524F6B710006AD737 /* Info.plist */,
				ABB92A2F24F6B710006AD737 /* Preview Content */,
			);
			path = Memorize;
			sourceTree = "<group>";
		};
		ABB92A2F24F6B710006AD737 /* Preview Content */ = {
			isa = PBXGroup;
			children = (
				ABB92A3024F6B710006AD737 /* Preview Assets.xcassets */,
			);
			path = "Preview Content";
			sourceTree = "<group>";
		};
		ABB92A3D24F6B710006AD737 /* MemorizeTests */ = {
			isa = PBXGroup;
			children = (
				ABB92A3E24F6B710006AD737 /* MemorizeTests.swift */,
				ABB92A4024F6B710006AD737 /* Info.plist */,
			);
			path = MemorizeTests;
			sourceTree = "<group>";
		};
		ABB92A4824F6B710006AD737 /* MemorizeUITests */ = {
			isa = PBXGroup;
			children = (
				ABB92A4924F6B710006AD737 /* MemorizeUITests.swift */,
				ABB92A4B24F6B710006AD737 /* Info.plist */,
			);
			path = MemorizeUITests;
			sourceTree = "<group>";
		};
/* End PBXGroup section */

/* Begin PBXNativeTarget section */
		ABB92A2324F6B70E006AD737 /* Memorize */ = {
			isa = PBXNativeTarget;
			buildConfigurationList = ABB92A4E24F6B710006AD737 /* Build configuration list for PBXNativeTarget "Memorize" */;
			buildPhases = (
				ABB92A2024F6B70E006AD737 /* Sources */,
				ABB92A2124F6B70E006AD737 /* Frameworks */,
				ABB92A2224F6B70E006AD737 /* Resources */,
			);
			buildRules = (
			);
			dependencies = (
			);
			name = Memorize;
			productName = Memorize;
			productReference = ABB92A2424F6B70E006AD737 /* Memorize.app */;
			productType = "com.apple.product-type.application";
		};
		ABB92A3924F6B710006AD737 /* MemorizeTests */ = {
			isa = PBXNativeTarget;
			buildConfigurationList = ABB92A5124F6B710006AD737 /* Build configuration list for PBXNativeTarget "MemorizeTests" */;
			buildPhases = (
				ABB92A3624F6B710006AD737 /* Sources */,
				ABB92A3724F6B710006AD737 /* Frameworks */,
				ABB92A3824F6B710006AD737 /* Resources */,
			);
			buildRules = (
			);
			dependencies = (
				ABB92A3C24F6B710006AD737 /* PBXTargetDependency */,
			);
			name = MemorizeTests;
			productName = MemorizeTests;
			productReference = ABB92A3A24F6B710006AD737 /* MemorizeTests.xctest */;
			productType = "com.apple.product-type.bundle.unit-test";
		};
		ABB92A4424F6B710006AD737 /* MemorizeUITests */ = {
			isa = PBXNativeTarget;
			buildConfigurationList = ABB92A5424F6B710006AD737 /* Build configuration list for PBXNativeTarget "MemorizeUITests" */;
			buildPhases = (
				ABB92A4124F6B710006AD737 /* Sources */,
				ABB92A4224F6B710006AD737 /* Frameworks */,
				ABB92A4324F6B710006AD737 /* Resources */,
			);
			buildRules = (
			);
			dependencies = (
				ABB92A4724F6B710006AD737 /* PBXTargetDependency */,
			);
			name = MemorizeUITests;
			productName = MemorizeUITests;
			productReference = ABB92A4524F6B710006AD737 /* MemorizeUITests.xctest */;
			productType = "com.apple.product-type.bundle.ui-testing";
		};
/* End PBXNativeTarget section */

/* Begin PBXProject section */
		ABB92A1C24F6B70E006AD737 /* Project object */ = {
			isa = PBXProject;
			attributes = {
				LastSwiftUpdateCheck = 1160;
				LastUpgradeCheck = 1160;
				ORGANIZATIONNAME = "Safak Gezer";
				TargetAttributes = {
					ABB92A2324F6B70E006AD737 = {
						CreatedOnToolsVersion = 11.6;
					};
					ABB92A3924F6B710006AD737 = {
						CreatedOnToolsVersion = 11.6;
						TestTargetID = ABB92A2324F6B70E006AD737;
					};
					ABB92A4424F6B710006AD737 = {
						CreatedOnToolsVersion = 11.6;
						TestTargetID = ABB92A2324F6B70E006AD737;
					};
				};
			};
			buildConfigurationList = ABB92A1F24F6B70E006AD737 /* Build configuration list for PBXProject "Memorize" */;
			compatibilityVersion = "Xcode 9.3";
			developmentRegion = en;
			hasScannedForEncodings = 0;
			knownRegions = (
				en,
				Base,
			);
			mainGroup = ABB92A1B24F6B70E006AD737;
			productRefGroup = ABB92A2524F6B70E006AD737 /* Products */;
			projectDirPath = "";
			projectRoot = "";
			targets = (
				ABB92A2324F6B70E006AD737 /* Memorize */,
				ABB92A3924F6B710006AD737 /* MemorizeTests */,
				ABB92A4424F6B710006AD737 /* MemorizeUITests */,
			);
		};
/* End PBXProject section */

/* Begin PBXResourcesBuildPhase section */
		ABB92A2224F6B70E006AD737 /* Resources */ = {
			isa = PBXResourcesBuildPhase;
			buildActionMask = 2147483647;
			files = (
				ABB92A3424F6B710006AD737 /* LaunchScreen.storyboard in Resources */,
				ABB92A3124F6B710006AD737 /* Preview Assets.xcassets in Resources */,
				ABB92A2E24F6B710006AD737 /* Assets.xcassets in Resources */,
			);
			runOnlyForDeploymentPostprocessing = 0;
		};
		ABB92A3824F6B710006AD737 /* Resources */ = {
			isa = PBXResourcesBuildPhase;
			buildActionMask = 2147483647;
			files = (
			);
			runOnlyForDeploymentPostprocessing = 0;
		};
		ABB92A4324F6B710006AD737 /* Resources */ = {
			isa = PBXResourcesBuildPhase;
			buildActionMask = 2147483647;
			files = (
			);
			runOnlyForDeploymentPostprocessing = 0;
		};
/* End PBXResourcesBuildPhase section */

/* Begin PBXSourcesBuildPhase section */
		ABB92A2024F6B70E006AD737 /* Sources */ = {
			isa = PBXSourcesBuildPhase;
			buildActionMask = 2147483647;
			files = (
				ABB92A2824F6B70E006AD737 /* AppDelegate.swift in Sources */,
				ABB92A2A24F6B70E006AD737 /* SceneDelegate.swift in Sources */,
				ABF49CF924FD014800C551BD /* MemoryGame.swift in Sources */,
				ABB92A2C24F6B70E006AD737 /* ContentView.swift in Sources */,
				ABF49CFB24FD033700C551BD /* EmojiMemoryGame.swift in Sources */,
			);
			runOnlyForDeploymentPostprocessing = 0;
		};
		ABB92A3624F6B710006AD737 /* Sources */ = {
			isa = PBXSourcesBuildPhase;
			buildActionMask = 2147483647;
			files = (
				ABB92A3F24F6B710006AD737 /* MemorizeTests.swift in Sources */,
			);
			runOnlyForDeploymentPostprocessing = 0;
		};
		ABB92A4124F6B710006AD737 /* Sources */ = {
			isa = PBXSourcesBuildPhase;
			buildActionMask = 2147483647;
			files = (
				ABB92A4A24F6B710006AD737 /* MemorizeUITests.swift in Sources */,
			);
			runOnlyForDeploymentPostprocessing = 0;
		};
/* End PBXSourcesBuildPhase section */

/* Begin PBXTargetDependency section */
		ABB92A3C24F6B710006AD737 /* PBXTargetDependency */ = {
			isa = PBXTargetDependency;
			target = ABB92A2324F6B70E006AD737 /* Memorize */;
			targetProxy = ABB92A3B24F6B710006AD737 /* PBXContainerItemProxy */;
		};
		ABB92A4724F6B710006AD737 /* PBXTargetDependency */ = {
			isa = PBXTargetDependency;
			target = ABB92A2324F6B70E006AD737 /* Memorize */;
			targetProxy = ABB92A4624F6B710006AD737 /* PBXContainerItemProxy */;
		};
/* End PBXTargetDependency section */

/* Begin PBXVariantGroup section */
		ABB92A3224F6B710006AD737 /* LaunchScreen.storyboard */ = {
			isa = PBXVariantGroup;
			children = (
				ABB92A3324F6B710006AD737 /* Base */,
			);
			name = LaunchScreen.storyboard;
			sourceTree = "<group>";
		};
/* End PBXVariantGroup section */

/* Begin XCBuildConfiguration section */
		ABB92A4C24F6B710006AD737 /* Debug */ = {
			isa = XCBuildConfiguration;
			buildSettings = {
				ALWAYS_SEARCH_USER_PATHS = NO;
				CLANG_ANALYZER_NONNULL = YES;
				CLANG_ANALYZER_NUMBER_OBJECT_CONVERSION = YES_AGGRESSIVE;
				CLANG_CXX_LANGUAGE_STANDARD = "gnu++14";
				CLANG_CXX_LIBRARY = "libc++";
				CLANG_ENABLE_MODULES = YES;
				CLANG_ENABLE_OBJC_ARC = YES;
				CLANG_ENABLE_OBJC_WEAK = YES;
				CLANG_WARN_BLOCK_CAPTURE_AUTORELEASING = YES;
				CLANG_WARN_BOOL_CONVERSION = YES;
				CLANG_WARN_COMMA = YES;
				CLANG_WARN_CONSTANT_CONVERSION = YES;
				CLANG_WARN_DEPRECATED_OBJC_IMPLEMENTATIONS = YES;
				CLANG_WARN_DIRECT_OBJC_ISA_USAGE = YES_ERROR;
				CLANG_WARN_DOCUMENTATION_COMMENTS = YES;
				CLANG_WARN_EMPTY_BODY = YES;
				CLANG_WARN_ENUM_CONVERSION = YES;
				CLANG_WARN_INFINITE_RECURSION = YES;
				CLANG_WARN_INT_CONVERSION = YES;
				CLANG_WARN_NON_LITERAL_NULL_CONVERSION = YES;
				CLANG_WARN_OBJC_IMPLICIT_RETAIN_SELF = YES;
				CLANG_WARN_OBJC_LITERAL_CONVERSION = YES;
				CLANG_WARN_OBJC_ROOT_CLASS = YES_ERROR;
				CLANG_WARN_RANGE_LOOP_ANALYSIS = YES;
				CLANG_WARN_STRICT_PROTOTYPES = YES;
				CLANG_WARN_SUSPICIOUS_MOVE = YES;
				CLANG_WARN_UNGUARDED_AVAILABILITY = YES_AGGRESSIVE;
				CLANG_WARN_UNREACHABLE_CODE = YES;
				CLANG_WARN__DUPLICATE_METHOD_MATCH = YES;
				COPY_PHASE_STRIP = NO;
				DEBUG_INFORMATION_FORMAT = dwarf;
				ENABLE_STRICT_OBJC_MSGSEND = YES;
				ENABLE_TESTABILITY = YES;
				GCC_C_LANGUAGE_STANDARD = gnu11;
				GCC_DYNAMIC_NO_PIC = NO;
				GCC_NO_COMMON_BLOCKS = YES;
				GCC_OPTIMIZATION_LEVEL = 0;
				GCC_PREPROCESSOR_DEFINITIONS = (
					"DEBUG=1",
					"$(inherited)",
				);
				GCC_WARN_64_TO_32_BIT_CONVERSION = YES;
				GCC_WARN_ABOUT_RETURN_TYPE = YES_ERROR;
				GCC_WARN_UNDECLARED_SELECTOR = YES;
				GCC_WARN_UNINITIALIZED_AUTOS = YES_AGGRESSIVE;
				GCC_WARN_UNUSED_FUNCTION = YES;
				GCC_WARN_UNUSED_VARIABLE = YES;
				IPHONEOS_DEPLOYMENT_TARGET = 13.6;
				MTL_ENABLE_DEBUG_INFO = INCLUDE_SOURCE;
				MTL_FAST_MATH = YES;
				ONLY_ACTIVE_ARCH = YES;
				SDKROOT = iphoneos;
				SWIFT_ACTIVE_COMPILATION_CONDITIONS = DEBUG;
				SWIFT_OPTIMIZATION_LEVEL = "-Onone";
			};
			name = Debug;
		};
		ABB92A4D24F6B710006AD737 /* Release */ = {
			isa = XCBuildConfiguration;
			buildSettings = {
				ALWAYS_SEARCH_USER_PATHS = NO;
				CLANG_ANALYZER_NONNULL = YES;
				CLANG_ANALYZER_NUMBER_OBJECT_CONVERSION = YES_AGGRESSIVE;
				CLANG_CXX_LANGUAGE_STANDARD = "gnu++14";
				CLANG_CXX_LIBRARY = "libc++";
				CLANG_ENABLE_MODULES = YES;
				CLANG_ENABLE_OBJC_ARC = YES;
				CLANG_ENABLE_OBJC_WEAK = YES;
				CLANG_WARN_BLOCK_CAPTURE_AUTORELEASING = YES;
				CLANG_WARN_BOOL_CONVERSION = YES;
				CLANG_WARN_COMMA = YES;
				CLANG_WARN_CONSTANT_CONVERSION = YES;
				CLANG_WARN_DEPRECATED_OBJC_IMPLEMENTATIONS = YES;
				CLANG_WARN_DIRECT_OBJC_ISA_USAGE = YES_ERROR;
				CLANG_WARN_DOCUMENTATION_COMMENTS = YES;
				CLANG_WARN_EMPTY_BODY = YES;
				CLANG_WARN_ENUM_CONVERSION = YES;
				CLANG_WARN_INFINITE_RECURSION = YES;
				CLANG_WARN_INT_CONVERSION = YES;
				CLANG_WARN_NON_LITERAL_NULL_CONVERSION = YES;
				CLANG_WARN_OBJC_IMPLICIT_RETAIN_SELF = YES;
				CLANG_WARN_OBJC_LITERAL_CONVERSION = YES;
				CLANG_WARN_OBJC_ROOT_CLASS = YES_ERROR;
				CLANG_WARN_RANGE_LOOP_ANALYSIS = YES;
				CLANG_WARN_STRICT_PROTOTYPES = YES;
				CLANG_WARN_SUSPICIOUS_MOVE = YES;
				CLANG_WARN_UNGUARDED_AVAILABILITY = YES_AGGRESSIVE;
				CLANG_WARN_UNREACHABLE_CODE = YES;
				CLANG_WARN__DUPLICATE_METHOD_MATCH = YES;
				COPY_PHASE_STRIP = NO;
				DEBUG_INFORMATION_FORMAT = "dwarf-with-dsym";
				ENABLE_NS_ASSERTIONS = NO;
				ENABLE_STRICT_OBJC_MSGSEND = YES;
				GCC_C_LANGUAGE_STANDARD = gnu11;
				GCC_NO_COMMON_BLOCKS = YES;
				GCC_WARN_64_TO_32_BIT_CONVERSION = YES;
				GCC_WARN_ABOUT_RETURN_TYPE = YES_ERROR;
				GCC_WARN_UNDECLARED_SELECTOR = YES;
				GCC_WARN_UNINITIALIZED_AUTOS = YES_AGGRESSIVE;
				GCC_WARN_UNUSED_FUNCTION = YES;
				GCC_WARN_UNUSED_VARIABLE = YES;
				IPHONEOS_DEPLOYMENT_TARGET = 13.6;
				MTL_ENABLE_DEBUG_INFO = NO;
				MTL_FAST_MATH = YES;
				SDKROOT = iphoneos;
				SWIFT_COMPILATION_MODE = wholemodule;
				SWIFT_OPTIMIZATION_LEVEL = "-O";
				VALIDATE_PRODUCT = YES;
			};
			name = Release;
		};
		ABB92A4F24F6B710006AD737 /* Debug */ = {
			isa = XCBuildConfiguration;
			buildSettings = {
				ASSETCATALOG_COMPILER_APPICON_NAME = AppIcon;
				CODE_SIGN_STYLE = Automatic;
				DEVELOPMENT_ASSET_PATHS = "\"Memorize/Preview Content\"";
				DEVELOPMENT_TEAM = V3JP4LSM5N;
				ENABLE_PREVIEWS = YES;
				INFOPLIST_FILE = Memorize/Info.plist;
				LD_RUNPATH_SEARCH_PATHS = (
					"$(inherited)",
					"@executable_path/Frameworks",
				);
				PRODUCT_BUNDLE_IDENTIFIER = com.lamasol.Memorize;
				PRODUCT_NAME = "$(TARGET_NAME)";
				SWIFT_VERSION = 5.0;
				TARGETED_DEVICE_FAMILY = "1,2";
			};
			name = Debug;
		};
		ABB92A5024F6B710006AD737 /* Release */ = {
			isa = XCBuildConfiguration;
			buildSettings = {
				ASSETCATALOG_COMPILER_APPICON_NAME = AppIcon;
				CODE_SIGN_STYLE = Automatic;
				DEVELOPMENT_ASSET_PATHS = "\"Memorize/Preview Content\"";
				DEVELOPMENT_TEAM = V3JP4LSM5N;
				ENABLE_PREVIEWS = YES;
				INFOPLIST_FILE = Memorize/Info.plist;
				LD_RUNPATH_SEARCH_PATHS = (
					"$(inherited)",
					"@executable_path/Frameworks",
				);
				PRODUCT_BUNDLE_IDENTIFIER = com.lamasol.Memorize;
				PRODUCT_NAME = "$(TARGET_NAME)";
				SWIFT_VERSION = 5.0;
				TARGETED_DEVICE_FAMILY = "1,2";
			};
			name = Release;
		};
		ABB92A5224F6B710006AD737 /* Debug */ = {
			isa = XCBuildConfiguration;
			buildSettings = {
				ALWAYS_EMBED_SWIFT_STANDARD_LIBRARIES = YES;
				BUNDLE_LOADER = "$(TEST_HOST)";
				CODE_SIGN_STYLE = Automatic;
				DEVELOPMENT_TEAM = V3JP4LSM5N;
				INFOPLIST_FILE = MemorizeTests/Info.plist;
				IPHONEOS_DEPLOYMENT_TARGET = 13.6;
				LD_RUNPATH_SEARCH_PATHS = (
					"$(inherited)",
					"@executable_path/Frameworks",
					"@loader_path/Frameworks",
				);
				PRODUCT_BUNDLE_IDENTIFIER = com.lamasol.MemorizeTests;
				PRODUCT_NAME = "$(TARGET_NAME)";
				SWIFT_VERSION = 5.0;
				TARGETED_DEVICE_FAMILY = "1,2";
				TEST_HOST = "$(BUILT_PRODUCTS_DIR)/Memorize.app/Memorize";
			};
			name = Debug;
		};
		ABB92A5324F6B710006AD737 /* Release */ = {
			isa = XCBuildConfiguration;
			buildSettings = {
				ALWAYS_EMBED_SWIFT_STANDARD_LIBRARIES = YES;
				BUNDLE_LOADER = "$(TEST_HOST)";
				CODE_SIGN_STYLE = Automatic;
				DEVELOPMENT_TEAM = V3JP4LSM5N;
				INFOPLIST_FILE = MemorizeTests/Info.plist;
				IPHONEOS_DEPLOYMENT_TARGET = 13.6;
				LD_RUNPATH_SEARCH_PATHS = (
					"$(inherited)",
					"@executable_path/Frameworks",
					"@loader_path/Frameworks",
				);
				PRODUCT_BUNDLE_IDENTIFIER = com.lamasol.MemorizeTests;
				PRODUCT_NAME = "$(TARGET_NAME)";
				SWIFT_VERSION = 5.0;
				TARGETED_DEVICE_FAMILY = "1,2";
				TEST_HOST = "$(BUILT_PRODUCTS_DIR)/Memorize.app/Memorize";
			};
			name = Release;
		};
		ABB92A5524F6B710006AD737 /* Debug */ = {
			isa = XCBuildConfiguration;
			buildSettings = {
				ALWAYS_EMBED_SWIFT_STANDARD_LIBRARIES = YES;
				CODE_SIGN_STYLE = Automatic;
				DEVELOPMENT_TEAM = V3JP4LSM5N;
				INFOPLIST_FILE = MemorizeUITests/Info.plist;
				LD_RUNPATH_SEARCH_PATHS = (
					"$(inherited)",
					"@executable_path/Frameworks",
					"@loader_path/Frameworks",
				);
				PRODUCT_BUNDLE_IDENTIFIER = com.lamasol.MemorizeUITests;
				PRODUCT_NAME = "$(TARGET_NAME)";
				SWIFT_VERSION = 5.0;
				TARGETED_DEVICE_FAMILY = "1,2";
				TEST_TARGET_NAME = Memorize;
			};
			name = Debug;
		};
		ABB92A5624F6B710006AD737 /* Release */ = {
			isa = XCBuildConfiguration;
			buildSettings = {
				ALWAYS_EMBED_SWIFT_STANDARD_LIBRARIES = YES;
				CODE_SIGN_STYLE = Automatic;
				DEVELOPMENT_TEAM = V3JP4LSM5N;
				INFOPLIST_FILE = MemorizeUITests/Info.plist;
				LD_RUNPATH_SEARCH_PATHS = (
					"$(inherited)",
					"@executable_path/Frameworks",
					"@loader_path/Frameworks",
				);
				PRODUCT_BUNDLE_IDENTIFIER = com.lamasol.MemorizeUITests;
				PRODUCT_NAME = "$(TARGET_NAME)";
				SWIFT_VERSION = 5.0;
				TARGETED_DEVICE_FAMILY = "1,2";
				TEST_TARGET_NAME = Memorize;
			};
			name = Release;
		};
/* End XCBuildConfiguration section */

/* Begin XCConfigurationList section */
		ABB92A1F24F6B70E006AD737 /* Build configuration list for PBXProject "Memorize" */ = {
			isa = XCConfigurationList;
			buildConfigurations = (
				ABB92A4C24F6B710006AD737 /* Debug */,
				ABB92A4D24F6B710006AD737 /* Release */,
			);
			defaultConfigurationIsVisible = 0;
			defaultConfigurationName = Release;
		};
		ABB92A4E24F6B710006AD737 /* Build configuration list for PBXNativeTarget "Memorize" */ = {
			isa = XCConfigurationList;
			buildConfigurations = (
				ABB92A4F24F6B710006AD737 /* Debug */,
				ABB92A5024F6B710006AD737 /* Release */,
			);
			defaultConfigurationIsVisible = 0;
			defaultConfigurationName = Release;
		};
		ABB92A5124F6B710006AD737 /* Build configuration list for PBXNativeTarget "MemorizeTests" */ = {
			isa = XCConfigurationList;
			buildConfigurations = (
				ABB92A5224F6B710006AD737 /* Debug */,
				ABB92A5324F6B710006AD737 /* Release */,
			);
			defaultConfigurationIsVisible = 0;
			defaultConfigurationName = Release;
		};
		ABB92A5424F6B710006AD737 /* Build configuration list for PBXNativeTarget "MemorizeUITests" */ = {
			isa = XCConfigurationList;
			buildConfigurations = (
				ABB92A5524F6B710006AD737 /* Debug */,
				ABB92A5624F6B710006AD737 /* Release */,
			);
			defaultConfigurationIsVisible = 0;
			defaultConfigurationName = Release;
		};
/* End XCConfigurationList section */
	};
	rootObject = ABB92A1C24F6B70E006AD737 /* Project object */;
}
