// !$*UTF8*$!
{
	archiveVersion = 1;
	classes = {
	};
	objectVersion = 50;
	objects = {

/* Begin PBXBuildFile section */
		AB33879225792301005911A4 /* SetGameApp.swift in Sources */ = {isa = PBXBuildFile; fileRef = AB33879125792301005911A4 /* SetGameApp.swift */; };
		AB33879425792301005911A4 /* SetGameView.swift in Sources */ = {isa = PBXBuildFile; fileRef = AB33879325792301005911A4 /* SetGameView.swift */; };
		AB33879625792303005911A4 /* Assets.xcassets in Resources */ = {isa = PBXBuildFile; fileRef = AB33879525792303005911A4 /* Assets.xcassets */; };
		AB33879925792303005911A4 /* Preview Assets.xcassets in Resources */ = {isa = PBXBuildFile; fileRef = AB33879825792303005911A4 /* Preview Assets.xcassets */; };
		AB3387A425792303005911A4 /* SetGameTests.swift in Sources */ = {isa = PBXBuildFile; fileRef = AB3387A325792303005911A4 /* SetGameTests.swift */; };
		AB3387AF25792303005911A4 /* SetGameUITests.swift in Sources */ = {isa = PBXBuildFile; fileRef = AB3387AE25792303005911A4 /* SetGameUITests.swift */; };
		AB3387C1257BD563005911A4 /* GridLayout.swift in Sources */ = {isa = PBXBuildFile; fileRef = AB3387BF257BD562005911A4 /* GridLayout.swift */; };
		AB3387C2257BD563005911A4 /* Grid.swift in Sources */ = {isa = PBXBuildFile; fileRef = AB3387C0257BD563005911A4 /* Grid.swift */; };
		AB3387C7257BD797005911A4 /* SetGame.swift in Sources */ = {isa = PBXBuildFile; fileRef = AB3387C6257BD797005911A4 /* SetGame.swift */; };
		AB3387CC257BD81E005911A4 /* ShapedSetGame.swift in Sources */ = {isa = PBXBuildFile; fileRef = AB3387CB257BD81E005911A4 /* ShapedSetGame.swift */; };
		AB3387E1257BD964005911A4 /* Cardify.swift in Sources */ = {isa = PBXBuildFile; fileRef = AB3387E0257BD964005911A4 /* Cardify.swift */; };
		AB3C2860257F62A500615B05 /* CardShape.swift in Sources */ = {isa = PBXBuildFile; fileRef = AB3C285F257F62A500615B05 /* CardShape.swift */; };
		AB3C286E2584DFA600615B05 /* Combinations.swift in Sources */ = {isa = PBXBuildFile; fileRef = AB3C286D2584DFA500615B05 /* Combinations.swift */; };
/* End PBXBuildFile section */

/* Begin PBXContainerItemProxy section */
		AB3387A025792303005911A4 /* PBXContainerItemProxy */ = {
			isa = PBXContainerItemProxy;
			containerPortal = AB33878625792301005911A4 /* Project object */;
			proxyType = 1;
			remoteGlobalIDString = AB33878D25792301005911A4;
			remoteInfo = SetGame;
		};
		AB3387AB25792303005911A4 /* PBXContainerItemProxy */ = {
			isa = PBXContainerItemProxy;
			containerPortal = AB33878625792301005911A4 /* Project object */;
			proxyType = 1;
			remoteGlobalIDString = AB33878D25792301005911A4;
			remoteInfo = SetGame;
		};
/* End PBXContainerItemProxy section */

/* Begin PBXFileReference section */
		AB33878E25792301005911A4 /* SetGame.app */ = {isa = PBXFileReference; explicitFileType = wrapper.application; includeInIndex = 0; path = SetGame.app; sourceTree = BUILT_PRODUCTS_DIR; };
		AB33879125792301005911A4 /* SetGameApp.swift */ = {isa = PBXFileReference; lastKnownFileType = sourcecode.swift; path = SetGameApp.swift; sourceTree = "<group>"; };
		AB33879325792301005911A4 /* SetGameView.swift */ = {isa = PBXFileReference; lastKnownFileType = sourcecode.swift; path = SetGameView.swift; sourceTree = "<group>"; };
		AB33879525792303005911A4 /* Assets.xcassets */ = {isa = PBXFileReference; lastKnownFileType = folder.assetcatalog; path = Assets.xcassets; sourceTree = "<group>"; };
		AB33879825792303005911A4 /* Preview Assets.xcassets */ = {isa = PBXFileReference; lastKnownFileType = folder.assetcatalog; path = "Preview Assets.xcassets"; sourceTree = "<group>"; };
		AB33879A25792303005911A4 /* Info.plist */ = {isa = PBXFileReference; lastKnownFileType = text.plist.xml; path = Info.plist; sourceTree = "<group>"; };
		AB33879F25792303005911A4 /* SetGameTests.xctest */ = {isa = PBXFileReference; explicitFileType = wrapper.cfbundle; includeInIndex = 0; path = SetGameTests.xctest; sourceTree = BUILT_PRODUCTS_DIR; };
		AB3387A325792303005911A4 /* SetGameTests.swift */ = {isa = PBXFileReference; lastKnownFileType = sourcecode.swift; path = SetGameTests.swift; sourceTree = "<group>"; };
		AB3387A525792303005911A4 /* Info.plist */ = {isa = PBXFileReference; lastKnownFileType = text.plist.xml; path = Info.plist; sourceTree = "<group>"; };
		AB3387AA25792303005911A4 /* SetGameUITests.xctest */ = {isa = PBXFileReference; explicitFileType = wrapper.cfbundle; includeInIndex = 0; path = SetGameUITests.xctest; sourceTree = BUILT_PRODUCTS_DIR; };
		AB3387AE25792303005911A4 /* SetGameUITests.swift */ = {isa = PBXFileReference; lastKnownFileType = sourcecode.swift; path = SetGameUITests.swift; sourceTree = "<group>"; };
		AB3387B025792303005911A4 /* Info.plist */ = {isa = PBXFileReference; lastKnownFileType = text.plist.xml; path = Info.plist; sourceTree = "<group>"; };
		AB3387BF257BD562005911A4 /* GridLayout.swift */ = {isa = PBXFileReference; fileEncoding = 4; lastKnownFileType = sourcecode.swift; path = GridLayout.swift; sourceTree = "<group>"; };
		AB3387C0257BD563005911A4 /* Grid.swift */ = {isa = PBXFileReference; fileEncoding = 4; lastKnownFileType = sourcecode.swift; path = Grid.swift; sourceTree = "<group>"; };
		AB3387C6257BD797005911A4 /* SetGame.swift */ = {isa = PBXFileReference; lastKnownFileType = sourcecode.swift; path = SetGame.swift; sourceTree = "<group>"; };
		AB3387CB257BD81E005911A4 /* ShapedSetGame.swift */ = {isa = PBXFileReference; lastKnownFileType = sourcecode.swift; path = ShapedSetGame.swift; sourceTree = "<group>"; };
		AB3387E0257BD964005911A4 /* Cardify.swift */ = {isa = PBXFileReference; fileEncoding = 4; lastKnownFileType = sourcecode.swift; path = Cardify.swift; sourceTree = "<group>"; };
		AB3C285F257F62A500615B05 /* CardShape.swift */ = {isa = PBXFileReference; lastKnownFileType = sourcecode.swift; path = CardShape.swift; sourceTree = "<group>"; };
		AB3C286D2584DFA500615B05 /* Combinations.swift */ = {isa = PBXFileReference; lastKnownFileType = sourcecode.swift; path = Combinations.swift; sourceTree = "<group>"; };
/* End PBXFileReference section */

/* Begin PBXFrameworksBuildPhase section */
		AB33878B25792301005911A4 /* Frameworks */ = {
			isa = PBXFrameworksBuildPhase;
			buildActionMask = 2147483647;
			files = (
			);
			runOnlyForDeploymentPostprocessing = 0;
		};
		AB33879C25792303005911A4 /* Frameworks */ = {
			isa = PBXFrameworksBuildPhase;
			buildActionMask = 2147483647;
			files = (
			);
			runOnlyForDeploymentPostprocessing = 0;
		};
		AB3387A725792303005911A4 /* Frameworks */ = {
			isa = PBXFrameworksBuildPhase;
			buildActionMask = 2147483647;
			files = (
			);
			runOnlyForDeploymentPostprocessing = 0;
		};
/* End PBXFrameworksBuildPhase section */

/* Begin PBXGroup section */
		AB33878525792301005911A4 = {
			isa = PBXGroup;
			children = (
				AB33879025792301005911A4 /* SetGame */,
				AB3387A225792303005911A4 /* SetGameTests */,
				AB3387AD25792303005911A4 /* SetGameUITests */,
				AB33878F25792301005911A4 /* Products */,
			);
			sourceTree = "<group>";
		};
		AB33878F25792301005911A4 /* Products */ = {
			isa = PBXGroup;
			children = (
				AB33878E25792301005911A4 /* SetGame.app */,
				AB33879F25792303005911A4 /* SetGameTests.xctest */,
				AB3387AA25792303005911A4 /* SetGameUITests.xctest */,
			);
			name = Products;
			sourceTree = "<group>";
		};
		AB33879025792301005911A4 /* SetGame */ = {
			isa = PBXGroup;
			children = (
				AB33879125792301005911A4 /* SetGameApp.swift */,
				AB3387D9257BD878005911A4 /* Blocks */,
				AB33879325792301005911A4 /* SetGameView.swift */,
				AB3387CB257BD81E005911A4 /* ShapedSetGame.swift */,
				AB3387C6257BD797005911A4 /* SetGame.swift */,
				AB3C285E257F629900615B05 /* Shapes */,
				AB33879525792303005911A4 /* Assets.xcassets */,
				AB33879A25792303005911A4 /* Info.plist */,
				AB33879725792303005911A4 /* Preview Content */,
			);
			path = SetGame;
			sourceTree = "<group>";
		};
		AB33879725792303005911A4 /* Preview Content */ = {
			isa = PBXGroup;
			children = (
				AB33879825792303005911A4 /* Preview Assets.xcassets */,
			);
			path = "Preview Content";
			sourceTree = "<group>";
		};
		AB3387A225792303005911A4 /* SetGameTests */ = {
			isa = PBXGroup;
			children = (
				AB3387A325792303005911A4 /* SetGameTests.swift */,
				AB3387A525792303005911A4 /* Info.plist */,
			);
			path = SetGameTests;
			sourceTree = "<group>";
		};
		AB3387AD25792303005911A4 /* SetGameUITests */ = {
			isa = PBXGroup;
			children = (
				AB3387AE25792303005911A4 /* SetGameUITests.swift */,
				AB3387B025792303005911A4 /* Info.plist */,
			);
			path = SetGameUITests;
			sourceTree = "<group>";
		};
		AB3387D9257BD878005911A4 /* Blocks */ = {
			isa = PBXGroup;
			children = (
				AB3387E0257BD964005911A4 /* Cardify.swift */,
				AB3387C0257BD563005911A4 /* Grid.swift */,
				AB3387BF257BD562005911A4 /* GridLayout.swift */,
				AB3C286D2584DFA500615B05 /* Combinations.swift */,
			);
			path = Blocks;
			sourceTree = "<group>";
		};
		AB3C285E257F629900615B05 /* Shapes */ = {
			isa = PBXGroup;
			children = (
				AB3C285F257F62A500615B05 /* CardShape.swift */,
			);
			path = Shapes;
			sourceTree = "<group>";
		};
/* End PBXGroup section */

/* Begin PBXNativeTarget section */
		AB33878D25792301005911A4 /* SetGame */ = {
			isa = PBXNativeTarget;
			buildConfigurationList = AB3387B325792303005911A4 /* Build configuration list for PBXNativeTarget "SetGame" */;
			buildPhases = (
				AB33878A25792301005911A4 /* Sources */,
				AB33878B25792301005911A4 /* Frameworks */,
				AB33878C25792301005911A4 /* Resources */,
			);
			buildRules = (
			);
			dependencies = (
			);
			name = SetGame;
			productName = SetGame;
			productReference = AB33878E25792301005911A4 /* SetGame.app */;
			productType = "com.apple.product-type.application";
		};
		AB33879E25792303005911A4 /* SetGameTests */ = {
			isa = PBXNativeTarget;
			buildConfigurationList = AB3387B625792303005911A4 /* Build configuration list for PBXNativeTarget "SetGameTests" */;
			buildPhases = (
				AB33879B25792303005911A4 /* Sources */,
				AB33879C25792303005911A4 /* Frameworks */,
				AB33879D25792303005911A4 /* Resources */,
			);
			buildRules = (
			);
			dependencies = (
				AB3387A125792303005911A4 /* PBXTargetDependency */,
			);
			name = SetGameTests;
			productName = SetGameTests;
			productReference = AB33879F25792303005911A4 /* SetGameTests.xctest */;
			productType = "com.apple.product-type.bundle.unit-test";
		};
		AB3387A925792303005911A4 /* SetGameUITests */ = {
			isa = PBXNativeTarget;
			buildConfigurationList = AB3387B925792303005911A4 /* Build configuration list for PBXNativeTarget "SetGameUITests" */;
			buildPhases = (
				AB3387A625792303005911A4 /* Sources */,
				AB3387A725792303005911A4 /* Frameworks */,
				AB3387A825792303005911A4 /* Resources */,
			);
			buildRules = (
			);
			dependencies = (
				AB3387AC25792303005911A4 /* PBXTargetDependency */,
			);
			name = SetGameUITests;
			productName = SetGameUITests;
			productReference = AB3387AA25792303005911A4 /* SetGameUITests.xctest */;
			productType = "com.apple.product-type.bundle.ui-testing";
		};
/* End PBXNativeTarget section */

/* Begin PBXProject section */
		AB33878625792301005911A4 /* Project object */ = {
			isa = PBXProject;
			attributes = {
				LastSwiftUpdateCheck = 1220;
				LastUpgradeCheck = 1220;
				TargetAttributes = {
					AB33878D25792301005911A4 = {
						CreatedOnToolsVersion = 12.2;
					};
					AB33879E25792303005911A4 = {
						CreatedOnToolsVersion = 12.2;
						TestTargetID = AB33878D25792301005911A4;
					};
					AB3387A925792303005911A4 = {
						CreatedOnToolsVersion = 12.2;
						TestTargetID = AB33878D25792301005911A4;
					};
				};
			};
			buildConfigurationList = AB33878925792301005911A4 /* Build configuration list for PBXProject "SetGame" */;
			compatibilityVersion = "Xcode 9.3";
			developmentRegion = en;
			hasScannedForEncodings = 0;
			knownRegions = (
				en,
				Base,
			);
			mainGroup = AB33878525792301005911A4;
			productRefGroup = AB33878F25792301005911A4 /* Products */;
			projectDirPath = "";
			projectRoot = "";
			targets = (
				AB33878D25792301005911A4 /* SetGame */,
				AB33879E25792303005911A4 /* SetGameTests */,
				AB3387A925792303005911A4 /* SetGameUITests */,
			);
		};
/* End PBXProject section */

/* Begin PBXResourcesBuildPhase section */
		AB33878C25792301005911A4 /* Resources */ = {
			isa = PBXResourcesBuildPhase;
			buildActionMask = 2147483647;
			files = (
				AB33879925792303005911A4 /* Preview Assets.xcassets in Resources */,
				AB33879625792303005911A4 /* Assets.xcassets in Resources */,
			);
			runOnlyForDeploymentPostprocessing = 0;
		};
		AB33879D25792303005911A4 /* Resources */ = {
			isa = PBXResourcesBuildPhase;
			buildActionMask = 2147483647;
			files = (
			);
			runOnlyForDeploymentPostprocessing = 0;
		};
		AB3387A825792303005911A4 /* Resources */ = {
			isa = PBXResourcesBuildPhase;
			buildActionMask = 2147483647;
			files = (
			);
			runOnlyForDeploymentPostprocessing = 0;
		};
/* End PBXResourcesBuildPhase section */

/* Begin PBXSourcesBuildPhase section */
		AB33878A25792301005911A4 /* Sources */ = {
			isa = PBXSourcesBuildPhase;
			buildActionMask = 2147483647;
			files = (
				AB3387C1257BD563005911A4 /* GridLayout.swift in Sources */,
				AB3387E1257BD964005911A4 /* Cardify.swift in Sources */,
				AB33879425792301005911A4 /* SetGameView.swift in Sources */,
				AB3387C7257BD797005911A4 /* SetGame.swift in Sources */,
				AB33879225792301005911A4 /* SetGameApp.swift in Sources */,
				AB3C286E2584DFA600615B05 /* Combinations.swift in Sources */,
				AB3C2860257F62A500615B05 /* CardShape.swift in Sources */,
				AB3387C2257BD563005911A4 /* Grid.swift in Sources */,
				AB3387CC257BD81E005911A4 /* ShapedSetGame.swift in Sources */,
			);
			runOnlyForDeploymentPostprocessing = 0;
		};
		AB33879B25792303005911A4 /* Sources */ = {
			isa = PBXSourcesBuildPhase;
			buildActionMask = 2147483647;
			files = (
				AB3387A425792303005911A4 /* SetGameTests.swift in Sources */,
			);
			runOnlyForDeploymentPostprocessing = 0;
		};
		AB3387A625792303005911A4 /* Sources */ = {
			isa = PBXSourcesBuildPhase;
			buildActionMask = 2147483647;
			files = (
				AB3387AF25792303005911A4 /* SetGameUITests.swift in Sources */,
			);
			runOnlyForDeploymentPostprocessing = 0;
		};
/* End PBXSourcesBuildPhase section */

/* Begin PBXTargetDependency section */
		AB3387A125792303005911A4 /* PBXTargetDependency */ = {
			isa = PBXTargetDependency;
			target = AB33878D25792301005911A4 /* SetGame */;
			targetProxy = AB3387A025792303005911A4 /* PBXContainerItemProxy */;
		};
		AB3387AC25792303005911A4 /* PBXTargetDependency */ = {
			isa = PBXTargetDependency;
			target = AB33878D25792301005911A4 /* SetGame */;
			targetProxy = AB3387AB25792303005911A4 /* PBXContainerItemProxy */;
		};
/* End PBXTargetDependency section */

/* Begin XCBuildConfiguration section */
		AB3387B125792303005911A4 /* Debug */ = {
			isa = XCBuildConfiguration;
			buildSettings = {
				ALWAYS_SEARCH_USER_PATHS = NO;
				CLANG_ANALYZER_NONNULL = YES;
				CLANG_ANALYZER_NUMBER_OBJECT_CONVERSION = YES_AGGRESSIVE;
				CLANG_CXX_LANGUAGE_STANDARD = "gnu++14";
				CLANG_CXX_LIBRARY = "libc++";
				CLANG_ENABLE_MODULES = YES;
				CLANG_ENABLE_OBJC_ARC = YES;
				CLANG_ENABLE_OBJC_WEAK = YES;
				CLANG_WARN_BLOCK_CAPTURE_AUTORELEASING = YES;
				CLANG_WARN_BOOL_CONVERSION = YES;
				CLANG_WARN_COMMA = YES;
				CLANG_WARN_CONSTANT_CONVERSION = YES;
				CLANG_WARN_DEPRECATED_OBJC_IMPLEMENTATIONS = YES;
				CLANG_WARN_DIRECT_OBJC_ISA_USAGE = YES_ERROR;
				CLANG_WARN_DOCUMENTATION_COMMENTS = YES;
				CLANG_WARN_EMPTY_BODY = YES;
				CLANG_WARN_ENUM_CONVERSION = YES;
				CLANG_WARN_INFINITE_RECURSION = YES;
				CLANG_WARN_INT_CONVERSION = YES;
				CLANG_WARN_NON_LITERAL_NULL_CONVERSION = YES;
				CLANG_WARN_OBJC_IMPLICIT_RETAIN_SELF = YES;
				CLANG_WARN_OBJC_LITERAL_CONVERSION = YES;
				CLANG_WARN_OBJC_ROOT_CLASS = YES_ERROR;
				CLANG_WARN_QUOTED_INCLUDE_IN_FRAMEWORK_HEADER = YES;
				CLANG_WARN_RANGE_LOOP_ANALYSIS = YES;
				CLANG_WARN_STRICT_PROTOTYPES = YES;
				CLANG_WARN_SUSPICIOUS_MOVE = YES;
				CLANG_WARN_UNGUARDED_AVAILABILITY = YES_AGGRESSIVE;
				CLANG_WARN_UNREACHABLE_CODE = YES;
				CLANG_WARN__DUPLICATE_METHOD_MATCH = YES;
				COPY_PHASE_STRIP = NO;
				DEBUG_INFORMATION_FORMAT = dwarf;
				ENABLE_STRICT_OBJC_MSGSEND = YES;
				ENABLE_TESTABILITY = YES;
				GCC_C_LANGUAGE_STANDARD = gnu11;
				GCC_DYNAMIC_NO_PIC = NO;
				GCC_NO_COMMON_BLOCKS = YES;
				GCC_OPTIMIZATION_LEVEL = 0;
				GCC_PREPROCESSOR_DEFINITIONS = (
					"DEBUG=1",
					"$(inherited)",
				);
				GCC_WARN_64_TO_32_BIT_CONVERSION = YES;
				GCC_WARN_ABOUT_RETURN_TYPE = YES_ERROR;
				GCC_WARN_UNDECLARED_SELECTOR = YES;
				GCC_WARN_UNINITIALIZED_AUTOS = YES_AGGRESSIVE;
				GCC_WARN_UNUSED_FUNCTION = YES;
				GCC_WARN_UNUSED_VARIABLE = YES;
				IPHONEOS_DEPLOYMENT_TARGET = 14.2;
				MTL_ENABLE_DEBUG_INFO = INCLUDE_SOURCE;
				MTL_FAST_MATH = YES;
				ONLY_ACTIVE_ARCH = YES;
				SDKROOT = iphoneos;
				SWIFT_ACTIVE_COMPILATION_CONDITIONS = DEBUG;
				SWIFT_OPTIMIZATION_LEVEL = "-Onone";
			};
			name = Debug;
		};
		AB3387B225792303005911A4 /* Release */ = {
			isa = XCBuildConfiguration;
			buildSettings = {
				ALWAYS_SEARCH_USER_PATHS = NO;
				CLANG_ANALYZER_NONNULL = YES;
				CLANG_ANALYZER_NUMBER_OBJECT_CONVERSION = YES_AGGRESSIVE;
				CLANG_CXX_LANGUAGE_STANDARD = "gnu++14";
				CLANG_CXX_LIBRARY = "libc++";
				CLANG_ENABLE_MODULES = YES;
				CLANG_ENABLE_OBJC_ARC = YES;
				CLANG_ENABLE_OBJC_WEAK = YES;
				CLANG_WARN_BLOCK_CAPTURE_AUTORELEASING = YES;
				CLANG_WARN_BOOL_CONVERSION = YES;
				CLANG_WARN_COMMA = YES;
				CLANG_WARN_CONSTANT_CONVERSION = YES;
				CLANG_WARN_DEPRECATED_OBJC_IMPLEMENTATIONS = YES;
				CLANG_WARN_DIRECT_OBJC_ISA_USAGE = YES_ERROR;
				CLANG_WARN_DOCUMENTATION_COMMENTS = YES;
				CLANG_WARN_EMPTY_BODY = YES;
				CLANG_WARN_ENUM_CONVERSION = YES;
				CLANG_WARN_INFINITE_RECURSION = YES;
				CLANG_WARN_INT_CONVERSION = YES;
				CLANG_WARN_NON_LITERAL_NULL_CONVERSION = YES;
				CLANG_WARN_OBJC_IMPLICIT_RETAIN_SELF = YES;
				CLANG_WARN_OBJC_LITERAL_CONVERSION = YES;
				CLANG_WARN_OBJC_ROOT_CLASS = YES_ERROR;
				CLANG_WARN_QUOTED_INCLUDE_IN_FRAMEWORK_HEADER = YES;
				CLANG_WARN_RANGE_LOOP_ANALYSIS = YES;
				CLANG_WARN_STRICT_PROTOTYPES = YES;
				CLANG_WARN_SUSPICIOUS_MOVE = YES;
				CLANG_WARN_UNGUARDED_AVAILABILITY = YES_AGGRESSIVE;
				CLANG_WARN_UNREACHABLE_CODE = YES;
				CLANG_WARN__DUPLICATE_METHOD_MATCH = YES;
				COPY_PHASE_STRIP = NO;
				DEBUG_INFORMATION_FORMAT = "dwarf-with-dsym";
				ENABLE_NS_ASSERTIONS = NO;
				ENABLE_STRICT_OBJC_MSGSEND = YES;
				GCC_C_LANGUAGE_STANDARD = gnu11;
				GCC_NO_COMMON_BLOCKS = YES;
				GCC_WARN_64_TO_32_BIT_CONVERSION = YES;
				GCC_WARN_ABOUT_RETURN_TYPE = YES_ERROR;
				GCC_WARN_UNDECLARED_SELECTOR = YES;
				GCC_WARN_UNINITIALIZED_AUTOS = YES_AGGRESSIVE;
				GCC_WARN_UNUSED_FUNCTION = YES;
				GCC_WARN_UNUSED_VARIABLE = YES;
				IPHONEOS_DEPLOYMENT_TARGET = 14.2;
				MTL_ENABLE_DEBUG_INFO = NO;
				MTL_FAST_MATH = YES;
				SDKROOT = iphoneos;
				SWIFT_COMPILATION_MODE = wholemodule;
				SWIFT_OPTIMIZATION_LEVEL = "-O";
				VALIDATE_PRODUCT = YES;
			};
			name = Release;
		};
		AB3387B425792303005911A4 /* Debug */ = {
			isa = XCBuildConfiguration;
			buildSettings = {
				ASSETCATALOG_COMPILER_APPICON_NAME = AppIcon;
				ASSETCATALOG_COMPILER_GLOBAL_ACCENT_COLOR_NAME = AccentColor;
				CODE_SIGN_STYLE = Automatic;
				DEVELOPMENT_ASSET_PATHS = "\"SetGame/Preview Content\"";
				DEVELOPMENT_TEAM = AKQENC22X7;
				ENABLE_PREVIEWS = YES;
				INFOPLIST_FILE = SetGame/Info.plist;
				IPHONEOS_DEPLOYMENT_TARGET = 14.0;
				LD_RUNPATH_SEARCH_PATHS = (
					"$(inherited)",
					"@executable_path/Frameworks",
				);
				PRODUCT_BUNDLE_IDENTIFIER = com.lamasol.SetGame;
				PRODUCT_NAME = "$(TARGET_NAME)";
				SWIFT_VERSION = 5.0;
				TARGETED_DEVICE_FAMILY = "1,2";
			};
			name = Debug;
		};
		AB3387B525792303005911A4 /* Release */ = {
			isa = XCBuildConfiguration;
			buildSettings = {
				ASSETCATALOG_COMPILER_APPICON_NAME = AppIcon;
				ASSETCATALOG_COMPILER_GLOBAL_ACCENT_COLOR_NAME = AccentColor;
				CODE_SIGN_STYLE = Automatic;
				DEVELOPMENT_ASSET_PATHS = "\"SetGame/Preview Content\"";
				DEVELOPMENT_TEAM = AKQENC22X7;
				ENABLE_PREVIEWS = YES;
				INFOPLIST_FILE = SetGame/Info.plist;
				IPHONEOS_DEPLOYMENT_TARGET = 14.0;
				LD_RUNPATH_SEARCH_PATHS = (
					"$(inherited)",
					"@executable_path/Frameworks",
				);
				PRODUCT_BUNDLE_IDENTIFIER = com.lamasol.SetGame;
				PRODUCT_NAME = "$(TARGET_NAME)";
				SWIFT_VERSION = 5.0;
				TARGETED_DEVICE_FAMILY = "1,2";
			};
			name = Release;
		};
		AB3387B725792303005911A4 /* Debug */ = {
			isa = XCBuildConfiguration;
			buildSettings = {
				ALWAYS_EMBED_SWIFT_STANDARD_LIBRARIES = YES;
				BUNDLE_LOADER = "$(TEST_HOST)";
				CODE_SIGN_STYLE = Automatic;
				DEVELOPMENT_TEAM = AKQENC22X7;
				INFOPLIST_FILE = SetGameTests/Info.plist;
				IPHONEOS_DEPLOYMENT_TARGET = 14.0;
				LD_RUNPATH_SEARCH_PATHS = (
					"$(inherited)",
					"@executable_path/Frameworks",
					"@loader_path/Frameworks",
				);
				PRODUCT_BUNDLE_IDENTIFIER = com.lamasol.SetGameTests;
				PRODUCT_NAME = "$(TARGET_NAME)";
				SWIFT_VERSION = 5.0;
				TARGETED_DEVICE_FAMILY = "1,2";
				TEST_HOST = "$(BUILT_PRODUCTS_DIR)/SetGame.app/SetGame";
			};
			name = Debug;
		};
		AB3387B825792303005911A4 /* Release */ = {
			isa = XCBuildConfiguration;
			buildSettings = {
				ALWAYS_EMBED_SWIFT_STANDARD_LIBRARIES = YES;
				BUNDLE_LOADER = "$(TEST_HOST)";
				CODE_SIGN_STYLE = Automatic;
				DEVELOPMENT_TEAM = AKQENC22X7;
				INFOPLIST_FILE = SetGameTests/Info.plist;
				IPHONEOS_DEPLOYMENT_TARGET = 14.0;
				LD_RUNPATH_SEARCH_PATHS = (
					"$(inherited)",
					"@executable_path/Frameworks",
					"@loader_path/Frameworks",
				);
				PRODUCT_BUNDLE_IDENTIFIER = com.lamasol.SetGameTests;
				PRODUCT_NAME = "$(TARGET_NAME)";
				SWIFT_VERSION = 5.0;
				TARGETED_DEVICE_FAMILY = "1,2";
				TEST_HOST = "$(BUILT_PRODUCTS_DIR)/SetGame.app/SetGame";
			};
			name = Release;
		};
		AB3387BA25792303005911A4 /* Debug */ = {
			isa = XCBuildConfiguration;
			buildSettings = {
				ALWAYS_EMBED_SWIFT_STANDARD_LIBRARIES = YES;
				CODE_SIGN_STYLE = Automatic;
				DEVELOPMENT_TEAM = AKQENC22X7;
				INFOPLIST_FILE = SetGameUITests/Info.plist;
				LD_RUNPATH_SEARCH_PATHS = (
					"$(inherited)",
					"@executable_path/Frameworks",
					"@loader_path/Frameworks",
				);
				PRODUCT_BUNDLE_IDENTIFIER = com.lamasol.SetGameUITests;
				PRODUCT_NAME = "$(TARGET_NAME)";
				SWIFT_VERSION = 5.0;
				TARGETED_DEVICE_FAMILY = "1,2";
				TEST_TARGET_NAME = SetGame;
			};
			name = Debug;
		};
		AB3387BB25792303005911A4 /* Release */ = {
			isa = XCBuildConfiguration;
			buildSettings = {
				ALWAYS_EMBED_SWIFT_STANDARD_LIBRARIES = YES;
				CODE_SIGN_STYLE = Automatic;
				DEVELOPMENT_TEAM = AKQENC22X7;
				INFOPLIST_FILE = SetGameUITests/Info.plist;
				LD_RUNPATH_SEARCH_PATHS = (
					"$(inherited)",
					"@executable_path/Frameworks",
					"@loader_path/Frameworks",
				);
				PRODUCT_BUNDLE_IDENTIFIER = com.lamasol.SetGameUITests;
				PRODUCT_NAME = "$(TARGET_NAME)";
				SWIFT_VERSION = 5.0;
				TARGETED_DEVICE_FAMILY = "1,2";
				TEST_TARGET_NAME = SetGame;
			};
			name = Release;
		};
/* End XCBuildConfiguration section */

/* Begin XCConfigurationList section */
		AB33878925792301005911A4 /* Build configuration list for PBXProject "SetGame" */ = {
			isa = XCConfigurationList;
			buildConfigurations = (
				AB3387B125792303005911A4 /* Debug */,
				AB3387B225792303005911A4 /* Release */,
			);
			defaultConfigurationIsVisible = 0;
			defaultConfigurationName = Release;
		};
		AB3387B325792303005911A4 /* Build configuration list for PBXNativeTarget "SetGame" */ = {
			isa = XCConfigurationList;
			buildConfigurations = (
				AB3387B425792303005911A4 /* Debug */,
				AB3387B525792303005911A4 /* Release */,
			);
			defaultConfigurationIsVisible = 0;
			defaultConfigurationName = Release;
		};
		AB3387B625792303005911A4 /* Build configuration list for PBXNativeTarget "SetGameTests" */ = {
			isa = XCConfigurationList;
			buildConfigurations = (
				AB3387B725792303005911A4 /* Debug */,
				AB3387B825792303005911A4 /* Release */,
			);
			defaultConfigurationIsVisible = 0;
			defaultConfigurationName = Release;
		};
		AB3387B925792303005911A4 /* Build configuration list for PBXNativeTarget "SetGameUITests" */ = {
			isa = XCConfigurationList;
			buildConfigurations = (
				AB3387BA25792303005911A4 /* Debug */,
				AB3387BB25792303005911A4 /* Release */,
			);
			defaultConfigurationIsVisible = 0;
			defaultConfigurationName = Release;
		};
/* End XCConfigurationList section */
	};
	rootObject = AB33878625792301005911A4 /* Project object */;
}
